// !$*UTF8*$!
{
	archiveVersion = 1;
	classes = {
	};
	objectVersion = 46;
	objects = {

/* Begin PBXBuildFile section */
		24065F8D162C7721004574A1 /* Default-568h@2x.png in Resources */ = {isa = PBXBuildFile; fileRef = 24065F8C162C7721004574A1 /* Default-568h@2x.png */; };
		249ED5EB162D82AD000076A1 /* cordova in Resources */ = {isa = PBXBuildFile; fileRef = 249ED5EA162D82AD000076A1 /* cordova */; };
		249ED5EC162D83BA000076A1 /* libCordova.a in Frameworks */ = {isa = PBXBuildFile; fileRef = 240FE2F1162D6E4D00250E2D /* libCordova.a */; };
		24D3BF4C1508D60F005923FE /* Foundation.framework in Frameworks */ = {isa = PBXBuildFile; fileRef = 24D3BF4B1508D60F005923FE /* Foundation.framework */; };
		24D3BF4E1508D60F005923FE /* UIKit.framework in Frameworks */ = {isa = PBXBuildFile; fileRef = 24D3BF4D1508D60F005923FE /* UIKit.framework */; };
		24D3BF501508D60F005923FE /* CoreGraphics.framework in Frameworks */ = {isa = PBXBuildFile; fileRef = 24D3BF4F1508D60F005923FE /* CoreGraphics.framework */; };
		24D3BF521508D60F005923FE /* AddressBook.framework in Frameworks */ = {isa = PBXBuildFile; fileRef = 24D3BF511508D60F005923FE /* AddressBook.framework */; };
		24D3BF541508D60F005923FE /* AddressBookUI.framework in Frameworks */ = {isa = PBXBuildFile; fileRef = 24D3BF531508D60F005923FE /* AddressBookUI.framework */; };
		24D3BF561508D60F005923FE /* AudioToolbox.framework in Frameworks */ = {isa = PBXBuildFile; fileRef = 24D3BF551508D60F005923FE /* AudioToolbox.framework */; };
		24D3BF581508D60F005923FE /* AVFoundation.framework in Frameworks */ = {isa = PBXBuildFile; fileRef = 24D3BF571508D60F005923FE /* AVFoundation.framework */; };
		24D3BF5A1508D60F005923FE /* CoreLocation.framework in Frameworks */ = {isa = PBXBuildFile; fileRef = 24D3BF591508D60F005923FE /* CoreLocation.framework */; };
		24D3BF5C1508D60F005923FE /* MediaPlayer.framework in Frameworks */ = {isa = PBXBuildFile; fileRef = 24D3BF5B1508D60F005923FE /* MediaPlayer.framework */; };
		24D3BF5E1508D60F005923FE /* QuartzCore.framework in Frameworks */ = {isa = PBXBuildFile; fileRef = 24D3BF5D1508D60F005923FE /* QuartzCore.framework */; };
		24D3BF601508D60F005923FE /* SystemConfiguration.framework in Frameworks */ = {isa = PBXBuildFile; fileRef = 24D3BF5F1508D60F005923FE /* SystemConfiguration.framework */; };
		24D3BF621508D60F005923FE /* MobileCoreServices.framework in Frameworks */ = {isa = PBXBuildFile; fileRef = 24D3BF611508D60F005923FE /* MobileCoreServices.framework */; };
		24D3BF641508D60F005923FE /* CoreMedia.framework in Frameworks */ = {isa = PBXBuildFile; fileRef = 24D3BF631508D60F005923FE /* CoreMedia.framework */; };
		24D3BF6A1508D60F005923FE /* InfoPlist.strings in Resources */ = {isa = PBXBuildFile; fileRef = 24D3BF681508D60F005923FE /* InfoPlist.strings */; };
		24D3BF6C1508D60F005923FE /* main.m in Sources */ = {isa = PBXBuildFile; fileRef = 24D3BF6B1508D60F005923FE /* main.m */; };
		24D3BF741508D60F005923FE /* Localizable.strings in Resources */ = {isa = PBXBuildFile; fileRef = 24D3BF721508D60F005923FE /* Localizable.strings */; };
		24D3BF781508D60F005923FE /* Localizable.strings in Resources */ = {isa = PBXBuildFile; fileRef = 24D3BF761508D60F005923FE /* Localizable.strings */; };
		24D3BF7C1508D60F005923FE /* Localizable.strings in Resources */ = {isa = PBXBuildFile; fileRef = 24D3BF7A1508D60F005923FE /* Localizable.strings */; };
		24D3BF801508D60F005923FE /* Localizable.strings in Resources */ = {isa = PBXBuildFile; fileRef = 24D3BF7E1508D60F005923FE /* Localizable.strings */; };
		24D3BF831508D60F005923FE /* icon.png in Resources */ = {isa = PBXBuildFile; fileRef = 24D3BF821508D60F005923FE /* icon.png */; };
		24D3BF851508D60F005923FE /* icon@2x.png in Resources */ = {isa = PBXBuildFile; fileRef = 24D3BF841508D60F005923FE /* icon@2x.png */; };
		24D3BF871508D60F005923FE /* icon-72.png in Resources */ = {isa = PBXBuildFile; fileRef = 24D3BF861508D60F005923FE /* icon-72.png */; };
		24D3BF8A1508D60F005923FE /* Default.png in Resources */ = {isa = PBXBuildFile; fileRef = 24D3BF891508D60F005923FE /* Default.png */; };
		24D3BF8C1508D60F005923FE /* Default@2x.png in Resources */ = {isa = PBXBuildFile; fileRef = 24D3BF8B1508D60F005923FE /* Default@2x.png */; };
		24D3BF8E1508D60F005923FE /* Capture.bundle in Resources */ = {isa = PBXBuildFile; fileRef = 24D3BF8D1508D60F005923FE /* Capture.bundle */; };
		24D3BF901508D60F005923FE /* Cordova.plist in Resources */ = {isa = PBXBuildFile; fileRef = 24D3BF8F1508D60F005923FE /* Cordova.plist */; };
		24D3BF941508D60F005923FE /* AppDelegate.m in Sources */ = {isa = PBXBuildFile; fileRef = 24D3BF931508D60F005923FE /* AppDelegate.m */; };
		24D3BF971508D60F005923FE /* MainViewController.m in Sources */ = {isa = PBXBuildFile; fileRef = 24D3BF961508D60F005923FE /* MainViewController.m */; };
		24D3BF991508D60F005923FE /* MainViewController.xib in Resources */ = {isa = PBXBuildFile; fileRef = 24D3BF981508D60F005923FE /* MainViewController.xib */; };
		24E16541150E0F9600F31308 /* www in Resources */ = {isa = PBXBuildFile; fileRef = 24E16540150E0F9600F31308 /* www */; };
/* End PBXBuildFile section */

/* Begin PBXContainerItemProxy section */
		240FE2F0162D6E4D00250E2D /* PBXContainerItemProxy */ = {
			isa = PBXContainerItemProxy;
			containerPortal = 240FE2E9162D6E4D00250E2D /* CordovaLib.xcodeproj */;
			proxyType = 2;
			remoteGlobalIDString = 68A32D7114102E1C006B237C;
			remoteInfo = CordovaLib;
		};
		249ED5DC162D7057000076A1 /* PBXContainerItemProxy */ = {
			isa = PBXContainerItemProxy;
			containerPortal = 240FE2E9162D6E4D00250E2D /* CordovaLib.xcodeproj */;
			proxyType = 1;
			remoteGlobalIDString = D2AAC07D0554694100DB518D;
			remoteInfo = CordovaLib;
		};
/* End PBXContainerItemProxy section */

/* Begin PBXFileReference section */
		24065F8C162C7721004574A1 /* Default-568h@2x.png */ = {isa = PBXFileReference; lastKnownFileType = image.png; path = "Default-568h@2x.png"; sourceTree = "<group>"; };
		240FE2E9162D6E4D00250E2D /* CordovaLib.xcodeproj */ = {isa = PBXFileReference; lastKnownFileType = "wrapper.pb-project"; name = CordovaLib.xcodeproj; path = ../../../../../libs/cordova_2.1/lib/ios/CordovaLib/CordovaLib.xcodeproj; sourceTree = "<group>"; };
		249ED5EA162D82AD000076A1 /* cordova */ = {isa = PBXFileReference; lastKnownFileType = folder; path = cordova; sourceTree = "<group>"; };
		24D3BF471508D60F005923FE /* FixMyStreet.app */ = {isa = PBXFileReference; explicitFileType = wrapper.application; includeInIndex = 0; path = FixMyStreet.app; sourceTree = BUILT_PRODUCTS_DIR; };
		24D3BF4B1508D60F005923FE /* Foundation.framework */ = {isa = PBXFileReference; lastKnownFileType = wrapper.framework; name = Foundation.framework; path = System/Library/Frameworks/Foundation.framework; sourceTree = SDKROOT; };
		24D3BF4D1508D60F005923FE /* UIKit.framework */ = {isa = PBXFileReference; lastKnownFileType = wrapper.framework; name = UIKit.framework; path = System/Library/Frameworks/UIKit.framework; sourceTree = SDKROOT; };
		24D3BF4F1508D60F005923FE /* CoreGraphics.framework */ = {isa = PBXFileReference; lastKnownFileType = wrapper.framework; name = CoreGraphics.framework; path = System/Library/Frameworks/CoreGraphics.framework; sourceTree = SDKROOT; };
		24D3BF511508D60F005923FE /* AddressBook.framework */ = {isa = PBXFileReference; lastKnownFileType = wrapper.framework; name = AddressBook.framework; path = System/Library/Frameworks/AddressBook.framework; sourceTree = SDKROOT; };
		24D3BF531508D60F005923FE /* AddressBookUI.framework */ = {isa = PBXFileReference; lastKnownFileType = wrapper.framework; name = AddressBookUI.framework; path = System/Library/Frameworks/AddressBookUI.framework; sourceTree = SDKROOT; };
		24D3BF551508D60F005923FE /* AudioToolbox.framework */ = {isa = PBXFileReference; lastKnownFileType = wrapper.framework; name = AudioToolbox.framework; path = System/Library/Frameworks/AudioToolbox.framework; sourceTree = SDKROOT; };
		24D3BF571508D60F005923FE /* AVFoundation.framework */ = {isa = PBXFileReference; lastKnownFileType = wrapper.framework; name = AVFoundation.framework; path = System/Library/Frameworks/AVFoundation.framework; sourceTree = SDKROOT; };
		24D3BF591508D60F005923FE /* CoreLocation.framework */ = {isa = PBXFileReference; lastKnownFileType = wrapper.framework; name = CoreLocation.framework; path = System/Library/Frameworks/CoreLocation.framework; sourceTree = SDKROOT; };
		24D3BF5B1508D60F005923FE /* MediaPlayer.framework */ = {isa = PBXFileReference; lastKnownFileType = wrapper.framework; name = MediaPlayer.framework; path = System/Library/Frameworks/MediaPlayer.framework; sourceTree = SDKROOT; };
		24D3BF5D1508D60F005923FE /* QuartzCore.framework */ = {isa = PBXFileReference; lastKnownFileType = wrapper.framework; name = QuartzCore.framework; path = System/Library/Frameworks/QuartzCore.framework; sourceTree = SDKROOT; };
		24D3BF5F1508D60F005923FE /* SystemConfiguration.framework */ = {isa = PBXFileReference; lastKnownFileType = wrapper.framework; name = SystemConfiguration.framework; path = System/Library/Frameworks/SystemConfiguration.framework; sourceTree = SDKROOT; };
		24D3BF611508D60F005923FE /* MobileCoreServices.framework */ = {isa = PBXFileReference; lastKnownFileType = wrapper.framework; name = MobileCoreServices.framework; path = System/Library/Frameworks/MobileCoreServices.framework; sourceTree = SDKROOT; };
		24D3BF631508D60F005923FE /* CoreMedia.framework */ = {isa = PBXFileReference; lastKnownFileType = wrapper.framework; name = CoreMedia.framework; path = System/Library/Frameworks/CoreMedia.framework; sourceTree = SDKROOT; };
		24D3BF671508D60F005923FE /* FixMyStreet-Info.plist */ = {isa = PBXFileReference; lastKnownFileType = text.plist.xml; path = "FixMyStreet-Info.plist"; sourceTree = "<group>"; };
		24D3BF691508D60F005923FE /* en */ = {isa = PBXFileReference; lastKnownFileType = text.plist.strings; name = en; path = en.lproj/InfoPlist.strings; sourceTree = "<group>"; };
		24D3BF6B1508D60F005923FE /* main.m */ = {isa = PBXFileReference; lastKnownFileType = sourcecode.c.objc; path = main.m; sourceTree = "<group>"; };
		24D3BF6D1508D60F005923FE /* FixMyStreet-Prefix.pch */ = {isa = PBXFileReference; lastKnownFileType = sourcecode.c.h; path = "FixMyStreet-Prefix.pch"; sourceTree = "<group>"; };
		24D3BF731508D60F005923FE /* en */ = {isa = PBXFileReference; lastKnownFileType = text.plist.strings; name = en; path = Resources/en.lproj/Localizable.strings; sourceTree = "<group>"; };
		24D3BF771508D60F005923FE /* es */ = {isa = PBXFileReference; lastKnownFileType = text.plist.strings; name = es; path = Resources/es.lproj/Localizable.strings; sourceTree = "<group>"; };
		24D3BF7B1508D60F005923FE /* de */ = {isa = PBXFileReference; lastKnownFileType = text.plist.strings; name = de; path = Resources/de.lproj/Localizable.strings; sourceTree = "<group>"; };
		24D3BF7F1508D60F005923FE /* se */ = {isa = PBXFileReference; lastKnownFileType = text.plist.strings; name = se; path = Resources/se.lproj/Localizable.strings; sourceTree = "<group>"; };
		24D3BF821508D60F005923FE /* icon.png */ = {isa = PBXFileReference; lastKnownFileType = image.png; name = icon.png; path = Resources/icons/icon.png; sourceTree = "<group>"; };
		24D3BF841508D60F005923FE /* icon@2x.png */ = {isa = PBXFileReference; lastKnownFileType = image.png; name = "icon@2x.png"; path = "Resources/icons/icon@2x.png"; sourceTree = "<group>"; };
		24D3BF861508D60F005923FE /* icon-72.png */ = {isa = PBXFileReference; lastKnownFileType = image.png; name = "icon-72.png"; path = "Resources/icons/icon-72.png"; sourceTree = "<group>"; };
		24D3BF891508D60F005923FE /* Default.png */ = {isa = PBXFileReference; lastKnownFileType = image.png; name = Default.png; path = Resources/splash/Default.png; sourceTree = "<group>"; };
		24D3BF8B1508D60F005923FE /* Default@2x.png */ = {isa = PBXFileReference; lastKnownFileType = image.png; name = "Default@2x.png"; path = "Resources/splash/Default@2x.png"; sourceTree = "<group>"; };
		24D3BF8D1508D60F005923FE /* Capture.bundle */ = {isa = PBXFileReference; lastKnownFileType = "wrapper.plug-in"; name = Capture.bundle; path = Resources/Capture.bundle; sourceTree = "<group>"; };
		24D3BF8F1508D60F005923FE /* Cordova.plist */ = {isa = PBXFileReference; lastKnownFileType = text.plist.xml; path = Cordova.plist; sourceTree = "<group>"; };
		24D3BF921508D60F005923FE /* AppDelegate.h */ = {isa = PBXFileReference; lastKnownFileType = sourcecode.c.h; name = AppDelegate.h; path = Classes/AppDelegate.h; sourceTree = "<group>"; };
		24D3BF931508D60F005923FE /* AppDelegate.m */ = {isa = PBXFileReference; lastKnownFileType = sourcecode.c.objc; name = AppDelegate.m; path = Classes/AppDelegate.m; sourceTree = "<group>"; };
		24D3BF951508D60F005923FE /* MainViewController.h */ = {isa = PBXFileReference; lastKnownFileType = sourcecode.c.h; name = MainViewController.h; path = Classes/MainViewController.h; sourceTree = "<group>"; };
		24D3BF961508D60F005923FE /* MainViewController.m */ = {isa = PBXFileReference; lastKnownFileType = sourcecode.c.objc; name = MainViewController.m; path = Classes/MainViewController.m; sourceTree = "<group>"; };
		24D3BF981508D60F005923FE /* MainViewController.xib */ = {isa = PBXFileReference; lastKnownFileType = file.xib; name = MainViewController.xib; path = Classes/MainViewController.xib; sourceTree = "<group>"; };
		24D3BF9B1508D60F005923FE /* README */ = {isa = PBXFileReference; lastKnownFileType = text; name = README; path = Plugins/README; sourceTree = "<group>"; };
		24E16540150E0F9600F31308 /* www */ = {isa = PBXFileReference; lastKnownFileType = folder; name = www; path = ../www; sourceTree = "<group>"; };
/* End PBXFileReference section */

/* Begin PBXFrameworksBuildPhase section */
		24D3BF411508D60F005923FE /* Frameworks */ = {
			isa = PBXFrameworksBuildPhase;
			buildActionMask = 2147483647;
			files = (
				249ED5EC162D83BA000076A1 /* libCordova.a in Frameworks */,
				24D3BF4C1508D60F005923FE /* Foundation.framework in Frameworks */,
				24D3BF4E1508D60F005923FE /* UIKit.framework in Frameworks */,
				24D3BF501508D60F005923FE /* CoreGraphics.framework in Frameworks */,
				24D3BF521508D60F005923FE /* AddressBook.framework in Frameworks */,
				24D3BF541508D60F005923FE /* AddressBookUI.framework in Frameworks */,
				24D3BF561508D60F005923FE /* AudioToolbox.framework in Frameworks */,
				24D3BF581508D60F005923FE /* AVFoundation.framework in Frameworks */,
				24D3BF5A1508D60F005923FE /* CoreLocation.framework in Frameworks */,
				24D3BF5C1508D60F005923FE /* MediaPlayer.framework in Frameworks */,
				24D3BF5E1508D60F005923FE /* QuartzCore.framework in Frameworks */,
				24D3BF601508D60F005923FE /* SystemConfiguration.framework in Frameworks */,
				24D3BF621508D60F005923FE /* MobileCoreServices.framework in Frameworks */,
				24D3BF641508D60F005923FE /* CoreMedia.framework in Frameworks */,
			);
			runOnlyForDeploymentPostprocessing = 0;
		};
		24D3BF441508D60F005923FE /* Frameworks */ = {
			isa = PBXFrameworksBuildPhase;
			buildActionMask = 2147483647;
			files = (
			);
			runOnlyForDeploymentPostprocessing = 0;
		};
/* End PBXFrameworksBuildPhase section */

/* Begin PBXGroup section */
		240FE2EA162D6E4D00250E2D /* Products */ = {
			isa = PBXGroup;
			children = (
				240FE2F1162D6E4D00250E2D /* libCordova.a */,
			);
			name = Products;
			sourceTree = "<group>";
		};
		24D3BF391508D60E005923FE = {
			isa = PBXGroup;
			children = (
				249ED5EA162D82AD000076A1 /* cordova */,
				24065F8C162C7721004574A1 /* Default-568h@2x.png */,
				24E16540150E0F9600F31308 /* www */,
				24D3BF651508D60F005923FE /* FixMyStreet */,
				24D3BF4A1508D60F005923FE /* Frameworks */,
				24D3BF481508D60F005923FE /* Products */,
				240FE2E9162D6E4D00250E2D /* CordovaLib.xcodeproj */,
			);
			sourceTree = "<group>";
		};
		24D3BF481508D60F005923FE /* Products */ = {
			isa = PBXGroup;
			children = (
				24D3BF471508D60F005923FE /* FixMyStreet.app */,
			);
			name = Products;
			sourceTree = "<group>";
		};
		24D3BF4A1508D60F005923FE /* Frameworks */ = {
			isa = PBXGroup;
			children = (
				24D3BF4B1508D60F005923FE /* Foundation.framework */,
				24D3BF4D1508D60F005923FE /* UIKit.framework */,
				24D3BF4F1508D60F005923FE /* CoreGraphics.framework */,
				24D3BF511508D60F005923FE /* AddressBook.framework */,
				24D3BF531508D60F005923FE /* AddressBookUI.framework */,
				24D3BF551508D60F005923FE /* AudioToolbox.framework */,
				24D3BF571508D60F005923FE /* AVFoundation.framework */,
				24D3BF591508D60F005923FE /* CoreLocation.framework */,
				24D3BF5B1508D60F005923FE /* MediaPlayer.framework */,
				24D3BF5D1508D60F005923FE /* QuartzCore.framework */,
				24D3BF5F1508D60F005923FE /* SystemConfiguration.framework */,
				24D3BF611508D60F005923FE /* MobileCoreServices.framework */,
				24D3BF631508D60F005923FE /* CoreMedia.framework */,
			);
			name = Frameworks;
			sourceTree = "<group>";
		};
		24D3BF651508D60F005923FE /* FixMyStreet */ = {
			isa = PBXGroup;
			children = (
				24D3BF701508D60F005923FE /* Resources */,
				24D3BF911508D60F005923FE /* Classes */,
				24D3BF9A1508D60F005923FE /* Plugins */,
				24D3BF661508D60F005923FE /* Supporting Files */,
			);
			path = FixMyStreet;
			sourceTree = "<group>";
		};
		24D3BF661508D60F005923FE /* Supporting Files */ = {
			isa = PBXGroup;
			children = (
				24D3BF671508D60F005923FE /* FixMyStreet-Info.plist */,
				24D3BF681508D60F005923FE /* InfoPlist.strings */,
				24D3BF6B1508D60F005923FE /* main.m */,
				24D3BF6D1508D60F005923FE /* FixMyStreet-Prefix.pch */,
				24D3BF8F1508D60F005923FE /* Cordova.plist */,
				24D3BF981508D60F005923FE /* MainViewController.xib */,
			);
			name = "Supporting Files";
			sourceTree = "<group>";
		};
		24D3BF701508D60F005923FE /* Resources */ = {
			isa = PBXGroup;
			children = (
				24D3BF8D1508D60F005923FE /* Capture.bundle */,
				24D3BF711508D60F005923FE /* en.lproj */,
				24D3BF751508D60F005923FE /* es.lproj */,
				24D3BF791508D60F005923FE /* de.lproj */,
				24D3BF7D1508D60F005923FE /* se.lproj */,
				24D3BF811508D60F005923FE /* icons */,
				24D3BF881508D60F005923FE /* splash */,
			);
			name = Resources;
			sourceTree = "<group>";
		};
		24D3BF711508D60F005923FE /* en.lproj */ = {
			isa = PBXGroup;
			children = (
				24D3BF721508D60F005923FE /* Localizable.strings */,
			);
			name = en.lproj;
			sourceTree = "<group>";
		};
		24D3BF751508D60F005923FE /* es.lproj */ = {
			isa = PBXGroup;
			children = (
				24D3BF761508D60F005923FE /* Localizable.strings */,
			);
			name = es.lproj;
			sourceTree = "<group>";
		};
		24D3BF791508D60F005923FE /* de.lproj */ = {
			isa = PBXGroup;
			children = (
				24D3BF7A1508D60F005923FE /* Localizable.strings */,
			);
			name = de.lproj;
			sourceTree = "<group>";
		};
		24D3BF7D1508D60F005923FE /* se.lproj */ = {
			isa = PBXGroup;
			children = (
				24D3BF7E1508D60F005923FE /* Localizable.strings */,
			);
			name = se.lproj;
			sourceTree = "<group>";
		};
		24D3BF811508D60F005923FE /* icons */ = {
			isa = PBXGroup;
			children = (
				24D3BF821508D60F005923FE /* icon.png */,
				24D3BF841508D60F005923FE /* icon@2x.png */,
				24D3BF861508D60F005923FE /* icon-72.png */,
			);
			name = icons;
			sourceTree = "<group>";
		};
		24D3BF881508D60F005923FE /* splash */ = {
			isa = PBXGroup;
			children = (
				24D3BF891508D60F005923FE /* Default.png */,
				24D3BF8B1508D60F005923FE /* Default@2x.png */,
			);
			name = splash;
			sourceTree = "<group>";
		};
		24D3BF911508D60F005923FE /* Classes */ = {
			isa = PBXGroup;
			children = (
				24D3BF921508D60F005923FE /* AppDelegate.h */,
				24D3BF931508D60F005923FE /* AppDelegate.m */,
				24D3BF951508D60F005923FE /* MainViewController.h */,
				24D3BF961508D60F005923FE /* MainViewController.m */,
			);
			name = Classes;
			sourceTree = "<group>";
		};
		24D3BF9A1508D60F005923FE /* Plugins */ = {
			isa = PBXGroup;
			children = (
				24D3BF9B1508D60F005923FE /* README */,
			);
			name = Plugins;
			sourceTree = "<group>";
		};
/* End PBXGroup section */

/* Begin PBXNativeTarget section */
		24D3BF461508D60F005923FE /* FixMyStreet */ = {
			isa = PBXNativeTarget;
			buildConfigurationList = 24D3BFA01508D60F005923FE /* Build configuration list for PBXNativeTarget "FixMyStreet" */;
			buildPhases = (
				24D3BF401508D60F005923FE /* Sources */,
				24D3BF411508D60F005923FE /* Frameworks */,
				24D3BF421508D60F005923FE /* Resources */,
				24D3BF431508D60F005923FE /* Sources */,
				24D3BF441508D60F005923FE /* Frameworks */,
			);
			buildRules = (
			);
			dependencies = (
				249ED5DD162D7057000076A1 /* PBXTargetDependency */,
			);
			name = FixMyStreet;
			productName = FixMyStreet;
			productReference = 24D3BF471508D60F005923FE /* FixMyStreet.app */;
			productType = "com.apple.product-type.application";
		};
/* End PBXNativeTarget section */

/* Begin PBXProject section */
		24D3BF3B1508D60E005923FE /* Project object */ = {
			isa = PBXProject;
			attributes = {
				LastUpgradeCheck = 0450;
			};
			buildConfigurationList = 24D3BF3E1508D60E005923FE /* Build configuration list for PBXProject "FixMyStreet" */;
			compatibilityVersion = "Xcode 3.2";
			developmentRegion = English;
			hasScannedForEncodings = 0;
			knownRegions = (
				en,
				es,
				de,
				se,
			);
			mainGroup = 24D3BF391508D60E005923FE;
			productRefGroup = 24D3BF481508D60F005923FE /* Products */;
			projectDirPath = "";
			projectReferences = (
				{
					ProductGroup = 240FE2EA162D6E4D00250E2D /* Products */;
					ProjectRef = 240FE2E9162D6E4D00250E2D /* CordovaLib.xcodeproj */;
				},
			);
			projectRoot = "";
			targets = (
				24D3BF461508D60F005923FE /* FixMyStreet */,
			);
		};
/* End PBXProject section */

/* Begin PBXReferenceProxy section */
		240FE2F1162D6E4D00250E2D /* libCordova.a */ = {
			isa = PBXReferenceProxy;
			fileType = archive.ar;
			path = libCordova.a;
			remoteRef = 240FE2F0162D6E4D00250E2D /* PBXContainerItemProxy */;
			sourceTree = BUILT_PRODUCTS_DIR;
		};
/* End PBXReferenceProxy section */

/* Begin PBXResourcesBuildPhase section */
		24D3BF421508D60F005923FE /* Resources */ = {
			isa = PBXResourcesBuildPhase;
			buildActionMask = 2147483647;
			files = (
				24D3BF6A1508D60F005923FE /* InfoPlist.strings in Resources */,
				24D3BF741508D60F005923FE /* Localizable.strings in Resources */,
				24D3BF781508D60F005923FE /* Localizable.strings in Resources */,
				24D3BF7C1508D60F005923FE /* Localizable.strings in Resources */,
				24D3BF801508D60F005923FE /* Localizable.strings in Resources */,
				24D3BF831508D60F005923FE /* icon.png in Resources */,
				24D3BF851508D60F005923FE /* icon@2x.png in Resources */,
				24D3BF871508D60F005923FE /* icon-72.png in Resources */,
				24D3BF8A1508D60F005923FE /* Default.png in Resources */,
				24D3BF8C1508D60F005923FE /* Default@2x.png in Resources */,
				24D3BF8E1508D60F005923FE /* Capture.bundle in Resources */,
				24D3BF901508D60F005923FE /* Cordova.plist in Resources */,
				24D3BF991508D60F005923FE /* MainViewController.xib in Resources */,
				24E16541150E0F9600F31308 /* www in Resources */,
				24065F8D162C7721004574A1 /* Default-568h@2x.png in Resources */,
				249ED5EB162D82AD000076A1 /* cordova in Resources */,
			);
			runOnlyForDeploymentPostprocessing = 0;
		};
/* End PBXResourcesBuildPhase section */

/* Begin PBXSourcesBuildPhase section */
		24D3BF401508D60F005923FE /* Sources */ = {
			isa = PBXSourcesBuildPhase;
			buildActionMask = 2147483647;
			files = (
				24D3BF6C1508D60F005923FE /* main.m in Sources */,
				24D3BF941508D60F005923FE /* AppDelegate.m in Sources */,
				24D3BF971508D60F005923FE /* MainViewController.m in Sources */,
			);
			runOnlyForDeploymentPostprocessing = 0;
		};
		24D3BF431508D60F005923FE /* Sources */ = {
			isa = PBXSourcesBuildPhase;
			buildActionMask = 2147483647;
			files = (
			);
			runOnlyForDeploymentPostprocessing = 0;
		};
/* End PBXSourcesBuildPhase section */

/* Begin PBXTargetDependency section */
		249ED5DD162D7057000076A1 /* PBXTargetDependency */ = {
			isa = PBXTargetDependency;
			name = CordovaLib;
			targetProxy = 249ED5DC162D7057000076A1 /* PBXContainerItemProxy */;
		};
/* End PBXTargetDependency section */

/* Begin PBXVariantGroup section */
		24D3BF681508D60F005923FE /* InfoPlist.strings */ = {
			isa = PBXVariantGroup;
			children = (
				24D3BF691508D60F005923FE /* en */,
			);
			name = InfoPlist.strings;
			sourceTree = "<group>";
		};
		24D3BF721508D60F005923FE /* Localizable.strings */ = {
			isa = PBXVariantGroup;
			children = (
				24D3BF731508D60F005923FE /* en */,
			);
			name = Localizable.strings;
			sourceTree = "<group>";
		};
		24D3BF761508D60F005923FE /* Localizable.strings */ = {
			isa = PBXVariantGroup;
			children = (
				24D3BF771508D60F005923FE /* es */,
			);
			name = Localizable.strings;
			sourceTree = "<group>";
		};
		24D3BF7A1508D60F005923FE /* Localizable.strings */ = {
			isa = PBXVariantGroup;
			children = (
				24D3BF7B1508D60F005923FE /* de */,
			);
			name = Localizable.strings;
			sourceTree = "<group>";
		};
		24D3BF7E1508D60F005923FE /* Localizable.strings */ = {
			isa = PBXVariantGroup;
			children = (
				24D3BF7F1508D60F005923FE /* se */,
			);
			name = Localizable.strings;
			sourceTree = "<group>";
		};
/* End PBXVariantGroup section */

/* Begin XCBuildConfiguration section */
		24D3BF9E1508D60F005923FE /* Debug */ = {
			isa = XCBuildConfiguration;
			buildSettings = {
				ALWAYS_SEARCH_USER_PATHS = NO;
				ARCHS = "$(ARCHS_STANDARD_32_BIT)";
				CLANG_ENABLE_OBJC_ARC = NO;
				"CODE_SIGN_IDENTITY[sdk=iphoneos*]" = "iPhone Developer";
				COPY_PHASE_STRIP = NO;
				GCC_C_LANGUAGE_STANDARD = gnu99;
				GCC_DYNAMIC_NO_PIC = NO;
				GCC_OPTIMIZATION_LEVEL = 0;
				GCC_PREPROCESSOR_DEFINITIONS = (
					"DEBUG=1",
					"$(inherited)",
				);
				GCC_SYMBOLS_PRIVATE_EXTERN = NO;
				GCC_THUMB_SUPPORT = NO;
				GCC_VERSION = com.apple.compilers.llvm.clang.1_0;
				GCC_WARN_ABOUT_MISSING_PROTOTYPES = YES;
				GCC_WARN_ABOUT_RETURN_TYPE = YES;
				GCC_WARN_UNUSED_VARIABLE = YES;
				IPHONEOS_DEPLOYMENT_TARGET = 3.0;
				ONLY_ACTIVE_ARCH = YES;
				SDKROOT = iphoneos;
			};
			name = Debug;
		};
		24D3BF9F1508D60F005923FE /* Release */ = {
			isa = XCBuildConfiguration;
			buildSettings = {
				ALWAYS_SEARCH_USER_PATHS = NO;
				ARCHS = "$(ARCHS_STANDARD_32_BIT)";
				CLANG_ENABLE_OBJC_ARC = NO;
				"CODE_SIGN_IDENTITY[sdk=iphoneos*]" = "iPhone Developer";
				COPY_PHASE_STRIP = YES;
				GCC_C_LANGUAGE_STANDARD = gnu99;
				GCC_THUMB_SUPPORT = NO;
				GCC_VERSION = com.apple.compilers.llvm.clang.1_0;
				GCC_WARN_ABOUT_MISSING_PROTOTYPES = YES;
				GCC_WARN_ABOUT_RETURN_TYPE = YES;
				GCC_WARN_UNUSED_VARIABLE = YES;
				IPHONEOS_DEPLOYMENT_TARGET = 3.0;
				ONLY_ACTIVE_ARCH = YES;
				SDKROOT = iphoneos;
				VALIDATE_PRODUCT = YES;
			};
			name = Release;
		};
		24D3BFA11508D60F005923FE /* Debug */ = {
			isa = XCBuildConfiguration;
			buildSettings = {
				ALWAYS_SEARCH_USER_PATHS = YES;
				COPY_PHASE_STRIP = NO;
				FRAMEWORK_SEARCH_PATHS = /Users/Shared/Cordova/Frameworks;
				GCC_DYNAMIC_NO_PIC = NO;
				GCC_PRECOMPILE_PREFIX_HEADER = YES;
				GCC_PREFIX_HEADER = "FixMyStreet/FixMyStreet-Prefix.pch";
				GCC_PREPROCESSOR_DEFINITIONS = "DEBUG=1,";
				GCC_THUMB_SUPPORT = NO;
				"HEADER_SEARCH_PATHS[arch=*]" = (
					"\"$(TARGET_BUILD_DIR)/usr/local/lib/include\"",
					"\"$(OBJROOT)/UninstalledProducts/include\"",
					"\"$(BUILT_PRODUCTS_DIR)\"",
				);
				INFOPLIST_FILE = "FixMyStreet/FixMyStreet-Info.plist";
				IPHONEOS_DEPLOYMENT_TARGET = 4.3;
				OTHER_LDFLAGS = (
					"-weak_framework",
					UIKit,
					"-weak_framework",
					AVFoundation,
					"-weak_framework",
					CoreMedia,
					"-weak_library",
					/usr/lib/libSystem.B.dylib,
					"-Obj-C",
					"-all_load",
					"-weak_framework",
					CoreFoundation,
				);
				PRODUCT_NAME = "$(TARGET_NAME)";
				TARGETED_DEVICE_FAMILY = 1;
				VALIDATE_PRODUCT = YES;
				WRAPPER_EXTENSION = app;
			};
			name = Debug;
		};
		24D3BFA21508D60F005923FE /* Release */ = {
			isa = XCBuildConfiguration;
			buildSettings = {
				ALWAYS_SEARCH_USER_PATHS = YES;
				COPY_PHASE_STRIP = YES;
				DEBUG_INFORMATION_FORMAT = "dwarf-with-dsym";
				FRAMEWORK_SEARCH_PATHS = /Users/Shared/Cordova/Frameworks;
				GCC_PRECOMPILE_PREFIX_HEADER = YES;
				GCC_PREFIX_HEADER = "FixMyStreet/FixMyStreet-Prefix.pch";
				GCC_PREPROCESSOR_DEFINITIONS = (
					"NDEBUG=1,",
					"CORDOVA_FRAMEWORK=1",
				);
				GCC_THUMB_SUPPORT = NO;
				"HEADER_SEARCH_PATHS[arch=*]" = (
					"\"$(TARGET_BUILD_DIR)/usr/local/lib/include\"",
					"\"$(OBJROOT)/UninstalledProducts/include\"",
					"\"$(BUILT_PRODUCTS_DIR)\"",
				);
				INFOPLIST_FILE = "FixMyStreet/FixMyStreet-Info.plist";
				IPHONEOS_DEPLOYMENT_TARGET = 4.3;
				OTHER_LDFLAGS = (
					"-weak_framework",
					UIKit,
					"-weak_framework",
					AVFoundation,
					"-weak_framework",
					CoreMedia,
					"-weak_library",
					/usr/lib/libSystem.B.dylib,
					"-Obj-C",
					"-all_load",
					"-weak_framework",
					CoreFoundation,
				);
				PRODUCT_NAME = "$(TARGET_NAME)";
				TARGETED_DEVICE_FAMILY = 1;
				VALIDATE_PRODUCT = NO;
				WRAPPER_EXTENSION = app;
			};
			name = Release;
		};
/* End XCBuildConfiguration section */

/* Begin XCConfigurationList section */
		24D3BF3E1508D60E005923FE /* Build configuration list for PBXProject "FixMyStreet" */ = {
			isa = XCConfigurationList;
			buildConfigurations = (
				24D3BF9E1508D60F005923FE /* Debug */,
				24D3BF9F1508D60F005923FE /* Release */,
			);
			defaultConfigurationIsVisible = 0;
			defaultConfigurationName = Release;
		};
		24D3BFA01508D60F005923FE /* Build configuration list for PBXNativeTarget "FixMyStreet" */ = {
			isa = XCConfigurationList;
			buildConfigurations = (
				24D3BFA11508D60F005923FE /* Debug */,
				24D3BFA21508D60F005923FE /* Release */,
			);
			defaultConfigurationIsVisible = 0;
			defaultConfigurationName = Release;
		};
/* End XCConfigurationList section */
	};
	rootObject = 24D3BF3B1508D60E005923FE /* Project object */;
}
