// !$*UTF8*$!
{
	archiveVersion = 1;
	classes = {
	};
	objectVersion = 45;
	objects = {

/* Begin PBXBuildFile section */
		1D3623260D0F684500981E51 /* FixMyStreetAppDelegate.m in Sources */ = {isa = PBXBuildFile; fileRef = 1D3623250D0F684500981E51 /* FixMyStreetAppDelegate.m */; };
		1D60589B0D05DD56006BFB54 /* main.m in Sources */ = {isa = PBXBuildFile; fileRef = 29B97316FDCFA39411CA2CEA /* main.m */; };
		1D60589F0D05DD5A006BFB54 /* Foundation.framework in Frameworks */ = {isa = PBXBuildFile; fileRef = 1D30AB110D05D00D00671497 /* Foundation.framework */; };
		1DF5F4E00D08C38300B7A737 /* UIKit.framework in Frameworks */ = {isa = PBXBuildFile; fileRef = 1DF5F4DF0D08C38300B7A737 /* UIKit.framework */; };
		288765FD0DF74451002DB57D /* CoreGraphics.framework in Frameworks */ = {isa = PBXBuildFile; fileRef = 288765FC0DF74451002DB57D /* CoreGraphics.framework */; };
		28AD733F0D9D9553002E5188 /* MainWindow.xib in Resources */ = {isa = PBXBuildFile; fileRef = 28AD733E0D9D9553002E5188 /* MainWindow.xib */; };
		344E0D560E91440500483FD6 /* imageCell.m in Sources */ = {isa = PBXBuildFile; fileRef = 344E0D550E91440500483FD6 /* imageCell.m */; };
		344E0E5D0E918B1000483FD6 /* Report.m in Sources */ = {isa = PBXBuildFile; fileRef = 344E0E5C0E918B1000483FD6 /* Report.m */; };
		347710950E8BDA9B0051DFFD /* Icon.png in Resources */ = {isa = PBXBuildFile; fileRef = 347710940E8BDA9B0051DFFD /* Icon.png */; };
		347712740E8D367F0051DFFD /* InputTableViewController.m in Sources */ = {isa = PBXBuildFile; fileRef = 347712730E8D367F0051DFFD /* InputTableViewController.m */; };
		347A01810E93B6A600D716CB /* EditSubjectView.xib in Resources */ = {isa = PBXBuildFile; fileRef = 347A01800E93B6A600D716CB /* EditSubjectView.xib */; };
		347A021D0E93CDA200D716CB /* MyCLController.m in Sources */ = {isa = PBXBuildFile; fileRef = 347A021C0E93CDA200D716CB /* MyCLController.m */; };
		347A02770E93D2A800D716CB /* CoreLocation.framework in Frameworks */ = {isa = PBXBuildFile; fileRef = 347A02760E93D2A800D716CB /* CoreLocation.framework */; };
		3481BD210EACEE3300C78F66 /* EditingTableViewCell.m in Sources */ = {isa = PBXBuildFile; fileRef = 3481BD200EACEE3300C78F66 /* EditingTableViewCell.m */; };
		3481BD510EACF81D00C78F66 /* SettingsViewController.m in Sources */ = {isa = PBXBuildFile; fileRef = 3481BD500EACF81D00C78F66 /* SettingsViewController.m */; };
		348C47900ECB12DE0030EF1C /* Entitlements.plist in Resources */ = {isa = PBXBuildFile; fileRef = 348C478F0ECB12DE0030EF1C /* Entitlements.plist */; };
		3499E5A40E95311A006F2DA2 /* .cvsignore in Resources */ = {isa = PBXBuildFile; fileRef = 3499E5A30E95311A006F2DA2 /* .cvsignore */; };
		349A01770E928824008E83C1 /* MainViewController.xib in Resources */ = {isa = PBXBuildFile; fileRef = 349A01760E928824008E83C1 /* MainViewController.xib */; };
		349A561F0ECB07DF0091BE4F /* Default.png in Resources */ = {isa = PBXBuildFile; fileRef = 349A561E0ECB07DF0091BE4F /* Default.png */; };
		349AFEAE0E925AAA008E83C1 /* EditSubjectViewController.m in Sources */ = {isa = PBXBuildFile; fileRef = 349AFEAD0E925AAA008E83C1 /* EditSubjectViewController.m */; };
		34C17A540EB0C69800768D1C /* mysociety.png in Resources */ = {isa = PBXBuildFile; fileRef = 34C17A530EB0C69700768D1C /* mysociety.png */; };
		34C17A5C0EB0C77E00768D1C /* AboutView.xib in Resources */ = {isa = PBXBuildFile; fileRef = 34C17A5B0EB0C77E00768D1C /* AboutView.xib */; };
		34C17A8F0EB0CCD300768D1C /* AboutViewController.m in Sources */ = {isa = PBXBuildFile; fileRef = 34C17A8E0EB0CCD300768D1C /* AboutViewController.m */; };
/* End PBXBuildFile section */

/* Begin PBXFileReference section */
		1D30AB110D05D00D00671497 /* Foundation.framework */ = {isa = PBXFileReference; lastKnownFileType = wrapper.framework; name = Foundation.framework; path = System/Library/Frameworks/Foundation.framework; sourceTree = SDKROOT; };
		1D3623240D0F684500981E51 /* FixMyStreetAppDelegate.h */ = {isa = PBXFileReference; fileEncoding = 4; lastKnownFileType = sourcecode.c.h; path = FixMyStreetAppDelegate.h; sourceTree = "<group>"; };
		1D3623250D0F684500981E51 /* FixMyStreetAppDelegate.m */ = {isa = PBXFileReference; fileEncoding = 4; lastKnownFileType = sourcecode.c.objc; path = FixMyStreetAppDelegate.m; sourceTree = "<group>"; wrapsLines = 1; };
		1D6058910D05DD3D006BFB54 /* FixMyStreet.app */ = {isa = PBXFileReference; explicitFileType = wrapper.application; includeInIndex = 0; path = FixMyStreet.app; sourceTree = BUILT_PRODUCTS_DIR; };
		1DF5F4DF0D08C38300B7A737 /* UIKit.framework */ = {isa = PBXFileReference; lastKnownFileType = wrapper.framework; name = UIKit.framework; path = System/Library/Frameworks/UIKit.framework; sourceTree = SDKROOT; };
		288765FC0DF74451002DB57D /* CoreGraphics.framework */ = {isa = PBXFileReference; lastKnownFileType = wrapper.framework; name = CoreGraphics.framework; path = System/Library/Frameworks/CoreGraphics.framework; sourceTree = SDKROOT; };
		28AD733E0D9D9553002E5188 /* MainWindow.xib */ = {isa = PBXFileReference; lastKnownFileType = file.xib; path = MainWindow.xib; sourceTree = "<group>"; };
		29B97316FDCFA39411CA2CEA /* main.m */ = {isa = PBXFileReference; fileEncoding = 4; lastKnownFileType = sourcecode.c.objc; path = main.m; sourceTree = "<group>"; };
		32CA4F630368D1EE00C91783 /* FixMyStreet_Prefix.pch */ = {isa = PBXFileReference; fileEncoding = 4; lastKnownFileType = sourcecode.c.h; path = FixMyStreet_Prefix.pch; sourceTree = "<group>"; };
		342F98AE0E951731006935E9 /* Root.plist */ = {isa = PBXFileReference; lastKnownFileType = text.plist.xml; path = Root.plist; sourceTree = "<group>"; };
		344E0D540E91440500483FD6 /* imageCell.h */ = {isa = PBXFileReference; fileEncoding = 4; lastKnownFileType = sourcecode.c.h; name = imageCell.h; path = Classes/imageCell.h; sourceTree = "<group>"; };
		344E0D550E91440500483FD6 /* imageCell.m */ = {isa = PBXFileReference; fileEncoding = 4; lastKnownFileType = sourcecode.c.objc; name = imageCell.m; path = Classes/imageCell.m; sourceTree = "<group>"; wrapsLines = 1; };
		344E0E5B0E918B1000483FD6 /* Report.h */ = {isa = PBXFileReference; fileEncoding = 4; lastKnownFileType = sourcecode.c.h; name = Report.h; path = Classes/Report.h; sourceTree = "<group>"; };
		344E0E5C0E918B1000483FD6 /* Report.m */ = {isa = PBXFileReference; fileEncoding = 4; lastKnownFileType = sourcecode.c.objc; name = Report.m; path = Classes/Report.m; sourceTree = "<group>"; };
		347710940E8BDA9B0051DFFD /* Icon.png */ = {isa = PBXFileReference; lastKnownFileType = image.png; path = Icon.png; sourceTree = "<group>"; };
		347712720E8D367F0051DFFD /* InputTableViewController.h */ = {isa = PBXFileReference; fileEncoding = 4; lastKnownFileType = sourcecode.c.h; path = InputTableViewController.h; sourceTree = "<group>"; };
		347712730E8D367F0051DFFD /* InputTableViewController.m */ = {isa = PBXFileReference; fileEncoding = 4; lastKnownFileType = sourcecode.c.objc; path = InputTableViewController.m; sourceTree = "<group>"; wrapsLines = 1; };
		347A01800E93B6A600D716CB /* EditSubjectView.xib */ = {isa = PBXFileReference; lastKnownFileType = file.xib; path = EditSubjectView.xib; sourceTree = "<group>"; };
		347A021B0E93CDA200D716CB /* MyCLController.h */ = {isa = PBXFileReference; fileEncoding = 4; lastKnownFileType = sourcecode.c.h; name = MyCLController.h; path = ../MyCLController.h; sourceTree = "<group>"; };
		347A021C0E93CDA200D716CB /* MyCLController.m */ = {isa = PBXFileReference; fileEncoding = 4; lastKnownFileType = sourcecode.c.objc; name = MyCLController.m; path = ../MyCLController.m; sourceTree = "<group>"; };
		347A02760E93D2A800D716CB /* CoreLocation.framework */ = {isa = PBXFileReference; lastKnownFileType = wrapper.framework; name = CoreLocation.framework; path = System/Library/Frameworks/CoreLocation.framework; sourceTree = SDKROOT; };
		3481BD1F0EACEE3300C78F66 /* EditingTableViewCell.h */ = {isa = PBXFileReference; fileEncoding = 4; lastKnownFileType = sourcecode.c.h; path = EditingTableViewCell.h; sourceTree = "<group>"; };
		3481BD200EACEE3300C78F66 /* EditingTableViewCell.m */ = {isa = PBXFileReference; fileEncoding = 4; lastKnownFileType = sourcecode.c.objc; path = EditingTableViewCell.m; sourceTree = "<group>"; };
		3481BD4F0EACF81D00C78F66 /* SettingsViewController.h */ = {isa = PBXFileReference; fileEncoding = 4; lastKnownFileType = sourcecode.c.h; path = SettingsViewController.h; sourceTree = "<group>"; };
		3481BD500EACF81D00C78F66 /* SettingsViewController.m */ = {isa = PBXFileReference; fileEncoding = 4; lastKnownFileType = sourcecode.c.objc; path = SettingsViewController.m; sourceTree = "<group>"; wrapsLines = 1; };
		348C478F0ECB12DE0030EF1C /* Entitlements.plist */ = {isa = PBXFileReference; fileEncoding = 4; lastKnownFileType = text.plist.xml; path = Entitlements.plist; sourceTree = "<group>"; };
		3499E5A30E95311A006F2DA2 /* .cvsignore */ = {isa = PBXFileReference; fileEncoding = 4; lastKnownFileType = text; path = .cvsignore; sourceTree = "<group>"; };
		349A01760E928824008E83C1 /* MainViewController.xib */ = {isa = PBXFileReference; lastKnownFileType = file.xib; path = MainViewController.xib; sourceTree = "<group>"; };
		349A561E0ECB07DF0091BE4F /* Default.png */ = {isa = PBXFileReference; lastKnownFileType = image.png; name = Default.png; path = Classes/Default.png; sourceTree = "<group>"; };
		349AFEAC0E925AAA008E83C1 /* EditSubjectViewController.h */ = {isa = PBXFileReference; fileEncoding = 4; lastKnownFileType = sourcecode.c.h; path = EditSubjectViewController.h; sourceTree = "<group>"; };
		349AFEAD0E925AAA008E83C1 /* EditSubjectViewController.m */ = {isa = PBXFileReference; fileEncoding = 4; lastKnownFileType = sourcecode.c.objc; path = EditSubjectViewController.m; sourceTree = "<group>"; };
		34C17A530EB0C69700768D1C /* mysociety.png */ = {isa = PBXFileReference; lastKnownFileType = image.png; name = mysociety.png; path = Classes/mysociety.png; sourceTree = "<group>"; };
		34C17A5B0EB0C77E00768D1C /* AboutView.xib */ = {isa = PBXFileReference; lastKnownFileType = file.xib; path = AboutView.xib; sourceTree = "<group>"; };
		34C17A8D0EB0CCD300768D1C /* AboutViewController.h */ = {isa = PBXFileReference; fileEncoding = 4; lastKnownFileType = sourcecode.c.h; path = AboutViewController.h; sourceTree = "<group>"; };
		34C17A8E0EB0CCD300768D1C /* AboutViewController.m */ = {isa = PBXFileReference; fileEncoding = 4; lastKnownFileType = sourcecode.c.objc; path = AboutViewController.m; sourceTree = "<group>"; };
		8D1107310486CEB800E47090 /* Info.plist */ = {isa = PBXFileReference; fileEncoding = 4; lastKnownFileType = text.plist.xml; path = Info.plist; sourceTree = "<group>"; };
/* End PBXFileReference section */

/* Begin PBXFrameworksBuildPhase section */
		1D60588F0D05DD3D006BFB54 /* Frameworks */ = {
			isa = PBXFrameworksBuildPhase;
			buildActionMask = 2147483647;
			files = (
				1D60589F0D05DD5A006BFB54 /* Foundation.framework in Frameworks */,
				1DF5F4E00D08C38300B7A737 /* UIKit.framework in Frameworks */,
				288765FD0DF74451002DB57D /* CoreGraphics.framework in Frameworks */,
				347A02770E93D2A800D716CB /* CoreLocation.framework in Frameworks */,
			);
			runOnlyForDeploymentPostprocessing = 0;
		};
/* End PBXFrameworksBuildPhase section */

/* Begin PBXGroup section */
		080E96DDFE201D6D7F000001 /* Classes */ = {
			isa = PBXGroup;
			children = (
				34C17A8D0EB0CCD300768D1C /* AboutViewController.h */,
				34C17A8E0EB0CCD300768D1C /* AboutViewController.m */,
				347712720E8D367F0051DFFD /* InputTableViewController.h */,
				347712730E8D367F0051DFFD /* InputTableViewController.m */,
				3481BD4F0EACF81D00C78F66 /* SettingsViewController.h */,
				3481BD500EACF81D00C78F66 /* SettingsViewController.m */,
				347A021B0E93CDA200D716CB /* MyCLController.h */,
				347A021C0E93CDA200D716CB /* MyCLController.m */,
				1D3623240D0F684500981E51 /* FixMyStreetAppDelegate.h */,
				1D3623250D0F684500981E51 /* FixMyStreetAppDelegate.m */,
				3481BD1F0EACEE3300C78F66 /* EditingTableViewCell.h */,
				3481BD200EACEE3300C78F66 /* EditingTableViewCell.m */,
				349AFEAC0E925AAA008E83C1 /* EditSubjectViewController.h */,
				349AFEAD0E925AAA008E83C1 /* EditSubjectViewController.m */,
			);
			path = Classes;
			sourceTree = "<group>";
		};
		19C28FACFE9D520D11CA2CBB /* Products */ = {
			isa = PBXGroup;
			children = (
				1D6058910D05DD3D006BFB54 /* FixMyStreet.app */,
			);
			name = Products;
			sourceTree = "<group>";
		};
		29B97314FDCFA39411CA2CEA /* CustomTemplate */ = {
			isa = PBXGroup;
			children = (
				3499E5A30E95311A006F2DA2 /* .cvsignore */,
				342F98810E94E3DE006935E9 /* OldStuff */,
				080E96DDFE201D6D7F000001 /* Classes */,
				342F98AD0E951731006935E9 /* Settings */,
				29B97315FDCFA39411CA2CEA /* Other Sources */,
				29B97317FDCFA39411CA2CEA /* Resources */,
				29B97323FDCFA39411CA2CEA /* Frameworks */,
				19C28FACFE9D520D11CA2CBB /* Products */,
			);
			name = CustomTemplate;
			sourceTree = "<group>";
		};
		29B97315FDCFA39411CA2CEA /* Other Sources */ = {
			isa = PBXGroup;
			children = (
				32CA4F630368D1EE00C91783 /* FixMyStreet_Prefix.pch */,
				29B97316FDCFA39411CA2CEA /* main.m */,
			);
			name = "Other Sources";
			sourceTree = "<group>";
		};
		29B97317FDCFA39411CA2CEA /* Resources */ = {
			isa = PBXGroup;
			children = (
				348C478F0ECB12DE0030EF1C /* Entitlements.plist */,
				34C17A5B0EB0C77E00768D1C /* AboutView.xib */,
				349A561E0ECB07DF0091BE4F /* Default.png */,
				34C17A530EB0C69700768D1C /* mysociety.png */,
				347710940E8BDA9B0051DFFD /* Icon.png */,
				347A01800E93B6A600D716CB /* EditSubjectView.xib */,
				28AD733E0D9D9553002E5188 /* MainWindow.xib */,
				349A01760E928824008E83C1 /* MainViewController.xib */,
				8D1107310486CEB800E47090 /* Info.plist */,
			);
			name = Resources;
			sourceTree = "<group>";
		};
		29B97323FDCFA39411CA2CEA /* Frameworks */ = {
			isa = PBXGroup;
			children = (
				347A02760E93D2A800D716CB /* CoreLocation.framework */,
				1DF5F4DF0D08C38300B7A737 /* UIKit.framework */,
				1D30AB110D05D00D00671497 /* Foundation.framework */,
				288765FC0DF74451002DB57D /* CoreGraphics.framework */,
			);
			name = Frameworks;
			sourceTree = "<group>";
		};
		342F98810E94E3DE006935E9 /* OldStuff */ = {
			isa = PBXGroup;
			children = (
				344E0E5C0E918B1000483FD6 /* Report.m */,
				344E0D550E91440500483FD6 /* imageCell.m */,
				344E0E5B0E918B1000483FD6 /* Report.h */,
				344E0D540E91440500483FD6 /* imageCell.h */,
			);
			name = OldStuff;
			sourceTree = "<group>";
		};
		342F98AD0E951731006935E9 /* Settings */ = {
			isa = PBXGroup;
			children = (
				342F98AE0E951731006935E9 /* Root.plist */,
			);
			name = Settings;
			sourceTree = "<group>";
		};
/* End PBXGroup section */

/* Begin PBXNativeTarget section */
		1D6058900D05DD3D006BFB54 /* FixMyStreet */ = {
			isa = PBXNativeTarget;
			buildConfigurationList = 1D6058960D05DD3E006BFB54 /* Build configuration list for PBXNativeTarget "FixMyStreet" */;
			buildPhases = (
				1D60588D0D05DD3D006BFB54 /* Resources */,
				1D60588E0D05DD3D006BFB54 /* Sources */,
				1D60588F0D05DD3D006BFB54 /* Frameworks */,
			);
			buildRules = (
			);
			dependencies = (
			);
			name = FixMyStreet;
			productName = FixMyStreet;
			productReference = 1D6058910D05DD3D006BFB54 /* FixMyStreet.app */;
			productType = "com.apple.product-type.application";
		};
/* End PBXNativeTarget section */

/* Begin PBXProject section */
		29B97313FDCFA39411CA2CEA /* Project object */ = {
			isa = PBXProject;
			buildConfigurationList = C01FCF4E08A954540054247B /* Build configuration list for PBXProject "FixMyStreet" */;
			compatibilityVersion = "Xcode 3.1";
			hasScannedForEncodings = 1;
			knownRegions = (
				English,
				Japanese,
				French,
				German,
				en,
			);
			mainGroup = 29B97314FDCFA39411CA2CEA /* CustomTemplate */;
			projectDirPath = "";
			projectRoot = "";
			targets = (
				1D6058900D05DD3D006BFB54 /* FixMyStreet */,
			);
		};
/* End PBXProject section */

/* Begin PBXResourcesBuildPhase section */
		1D60588D0D05DD3D006BFB54 /* Resources */ = {
			isa = PBXResourcesBuildPhase;
			buildActionMask = 2147483647;
			files = (
				28AD733F0D9D9553002E5188 /* MainWindow.xib in Resources */,
				347710950E8BDA9B0051DFFD /* Icon.png in Resources */,
				349A01770E928824008E83C1 /* MainViewController.xib in Resources */,
				347A01810E93B6A600D716CB /* EditSubjectView.xib in Resources */,
				3499E5A40E95311A006F2DA2 /* .cvsignore in Resources */,
				34C17A540EB0C69800768D1C /* mysociety.png in Resources */,
				34C17A5C0EB0C77E00768D1C /* AboutView.xib in Resources */,
				349A561F0ECB07DF0091BE4F /* Default.png in Resources */,
				348C47900ECB12DE0030EF1C /* Entitlements.plist in Resources */,
			);
			runOnlyForDeploymentPostprocessing = 0;
		};
/* End PBXResourcesBuildPhase section */

/* Begin PBXSourcesBuildPhase section */
		1D60588E0D05DD3D006BFB54 /* Sources */ = {
			isa = PBXSourcesBuildPhase;
			buildActionMask = 2147483647;
			files = (
				1D60589B0D05DD56006BFB54 /* main.m in Sources */,
				1D3623260D0F684500981E51 /* FixMyStreetAppDelegate.m in Sources */,
				347712740E8D367F0051DFFD /* InputTableViewController.m in Sources */,
				344E0D560E91440500483FD6 /* imageCell.m in Sources */,
				344E0E5D0E918B1000483FD6 /* Report.m in Sources */,
				349AFEAE0E925AAA008E83C1 /* EditSubjectViewController.m in Sources */,
				347A021D0E93CDA200D716CB /* MyCLController.m in Sources */,
				3481BD210EACEE3300C78F66 /* EditingTableViewCell.m in Sources */,
				3481BD510EACF81D00C78F66 /* SettingsViewController.m in Sources */,
				34C17A8F0EB0CCD300768D1C /* AboutViewController.m in Sources */,
			);
			runOnlyForDeploymentPostprocessing = 0;
		};
/* End PBXSourcesBuildPhase section */

/* Begin XCBuildConfiguration section */
		1D6058940D05DD3E006BFB54 /* Debug */ = {
			isa = XCBuildConfiguration;
			buildSettings = {
				ALWAYS_SEARCH_USER_PATHS = NO;
				COPY_PHASE_STRIP = NO;
				FRAMEWORK_SEARCH_PATHS = (
					"$(inherited)",
					"\"$(SRCROOT)\"",
				);
				GCC_DYNAMIC_NO_PIC = NO;
				GCC_OPTIMIZATION_LEVEL = 0;
				GCC_PRECOMPILE_PREFIX_HEADER = YES;
				GCC_PREFIX_HEADER = FixMyStreet_Prefix.pch;
				INFOPLIST_FILE = Info.plist;
				PRODUCT_NAME = FixMyStreet;
			};
			name = Debug;
		};
		1D6058950D05DD3E006BFB54 /* Release */ = {
			isa = XCBuildConfiguration;
			buildSettings = {
				ALWAYS_SEARCH_USER_PATHS = NO;
				COPY_PHASE_STRIP = YES;
				FRAMEWORK_SEARCH_PATHS = (
					"$(inherited)",
					"\"$(SRCROOT)\"",
				);
				GCC_PRECOMPILE_PREFIX_HEADER = YES;
				GCC_PREFIX_HEADER = FixMyStreet_Prefix.pch;
				INFOPLIST_FILE = Info.plist;
				PRODUCT_NAME = FixMyStreet;
			};
			name = Release;
		};
		349A563F0ECB108A0091BE4F /* Distribution */ = {
			isa = XCBuildConfiguration;
			buildSettings = {
				ARCHS = "$(ARCHS_STANDARD_32_BIT)";
				"CODE_SIGN_IDENTITY[sdk=iphoneos*]" = "";
				GCC_C_LANGUAGE_STANDARD = c99;
				GCC_WARN_ABOUT_RETURN_TYPE = YES;
				GCC_WARN_UNUSED_VARIABLE = YES;
				PREBINDING = NO;
				SDKROOT = iphoneos2.1;
			};
			name = Distribution;
		};
		349A56400ECB108A0091BE4F /* Distribution */ = {
			isa = XCBuildConfiguration;
			buildSettings = {
				ALWAYS_SEARCH_USER_PATHS = NO;
				CODE_SIGN_ENTITLEMENTS = Entitlements.plist;
				"CODE_SIGN_IDENTITY[sdk=iphoneos*]" = "iPhone Distribution: UK Citizens Online Democracy";
				COPY_PHASE_STRIP = YES;
				FRAMEWORK_SEARCH_PATHS = (
					"$(inherited)",
					"\"$(SRCROOT)\"",
				);
				GCC_PRECOMPILE_PREFIX_HEADER = YES;
				GCC_PREFIX_HEADER = FixMyStreet_Prefix.pch;
				INFOPLIST_FILE = Info.plist;
				PRODUCT_NAME = FixMyStreet;
				"PROVISIONING_PROFILE[sdk=iphoneos*]" = "749C7261-921C-47D2-B9C4-A5AE64102B9E";
			};
			name = Distribution;
		};
		C01FCF4F08A954540054247B /* Debug */ = {
			isa = XCBuildConfiguration;
			buildSettings = {
				ARCHS = "$(ARCHS_STANDARD_32_BIT)";
				"CODE_SIGN_IDENTITY[sdk=iphoneos*]" = "iPhone Developer";
				GCC_C_LANGUAGE_STANDARD = c99;
				GCC_WARN_ABOUT_RETURN_TYPE = YES;
				GCC_WARN_UNUSED_VARIABLE = YES;
				ONLY_ACTIVE_ARCH = YES;
				PREBINDING = NO;
				SDKROOT = iphoneos2.1;
			};
			name = Debug;
		};
		C01FCF5008A954540054247B /* Release */ = {
			isa = XCBuildConfiguration;
			buildSettings = {
				ARCHS = "$(ARCHS_STANDARD_32_BIT)";
				"CODE_SIGN_IDENTITY[sdk=iphoneos*]" = "iPhone Developer";
				GCC_C_LANGUAGE_STANDARD = c99;
				GCC_WARN_ABOUT_RETURN_TYPE = YES;
				GCC_WARN_UNUSED_VARIABLE = YES;
				PREBINDING = NO;
				SDKROOT = iphoneos2.1;
			};
			name = Release;
		};
/* End XCBuildConfiguration section */

/* Begin XCConfigurationList section */
		1D6058960D05DD3E006BFB54 /* Build configuration list for PBXNativeTarget "FixMyStreet" */ = {
			isa = XCConfigurationList;
			buildConfigurations = (
				1D6058940D05DD3E006BFB54 /* Debug */,
				1D6058950D05DD3E006BFB54 /* Release */,
				349A56400ECB108A0091BE4F /* Distribution */,
			);
			defaultConfigurationIsVisible = 0;
			defaultConfigurationName = Release;
		};
		C01FCF4E08A954540054247B /* Build configuration list for PBXProject "FixMyStreet" */ = {
			isa = XCConfigurationList;
			buildConfigurations = (
				C01FCF4F08A954540054247B /* Debug */,
				C01FCF5008A954540054247B /* Release */,
				349A563F0ECB108A0091BE4F /* Distribution */,
			);
			defaultConfigurationIsVisible = 0;
			defaultConfigurationName = Release;
		};
/* End XCConfigurationList section */
	};
	rootObject = 29B97313FDCFA39411CA2CEA /* Project object */;
}
